{
  "requires": true,
  "lockfileVersion": 1,
  "dependencies": {
    "@types/codemirror": {
      "version": "0.0.61",
      "resolved": "https://registry.npmjs.org/@types/codemirror/-/codemirror-0.0.61.tgz",
      "integrity": "sha512-LGqLfMyT2RKvo3JHQn7MTZ2uoMKuTFhRZ0MYR0YD3H/sZ81jOjBw8fzJ/6FXHSALXgGuoiZN7FH1Bx6PARdkBQ=="
    },
    "codemirror": {
      "version": "5.61.0",
      "resolved": "https://registry.npmjs.org/codemirror/-/codemirror-5.61.0.tgz",
      "integrity": "sha512-D3wYH90tYY1BsKlUe0oNj2JAhQ9TepkD51auk3N7q+4uz7A/cgJ5JsWHreT0PqieW1QhOuqxQ2reCXV1YXzecg=="
    },
    "codemirror-addon-infotip": {
      "version": "1.0.0",
      "resolved": "https://registry.npmjs.org/codemirror-addon-infotip/-/codemirror-addon-infotip-1.0.0.tgz",
      "integrity": "sha512-2zPuky4LspyBVgHB7hCOL9HTyCEJE+vxAoy+LZyFuBOpMudkZ4SioecX/L1SuNb7vOYIGhN7WcNrbbJhEaREow=="
    },
    "codemirror-addon-lint-fix": {
      "version": "1.0.1",
      "resolved": "https://registry.npmjs.org/codemirror-addon-lint-fix/-/codemirror-addon-lint-fix-1.0.1.tgz",
      "integrity": "sha512-M1CuXhYXjGUn/zqSs2tF2ZaU1fT++skLKjtAFrxCXFFobnWO30kGQnt9lkCAtNT6fQGUM/1E2olC5NJJWvtHRA=="
    },
    "mirrorsharp": {
      "version": "1.0.3",
      "resolved": "https://registry.npmjs.org/mirrorsharp/-/mirrorsharp-1.0.3.tgz",
      "integrity": "sha512-wUwv86NdcMlJX700zAEYi5ejpf9bA7SDeRhGSrxCJSkrRKV2axeNlcSkkVQ6UYt7QI4aSUB4mQZ55dbsx3AV+g==",
      "requires": {
        "@types/codemirror": "0.0.61",
        "codemirror": "^5.18.2",
        "codemirror-addon-infotip": "^1.0.0",
        "codemirror-addon-lint-fix": "^1.0.1"
      }
    }
  }
}
